
Microsoft Visual Studio Solution File, Format Version 12.00
# Visual Studio Version 17
VisualStudioVersion = 17.11.35219.272
MinimumVisualStudioVersion = 10.0.40219.1
Project("{FAE04EC0-301F-11D3-BF4B-00C04F79EFBC}") = "ToDoApp", "ToDoApp\ToDoApp.csproj", "{2403EE04-592D-4EC8-9CA3-10159239914B}"
EndProject
Global
	GlobalSection(SolutionConfigurationPlatforms) = preSolution
		Debug|Any CPU = Debug|Any CPU
		Release|Any CPU = Release|Any CPU
	EndGlobalSection
	GlobalSection(ProjectConfigurationPlatforms) = postSolution
		{2403EE04-592D-4EC8-9CA3-10159239914B}.Debug|Any CPU.ActiveCfg = Debug|Any CPU
		{2403EE04-592D-4EC8-9CA3-10159239914B}.Debug|Any CPU.Build.0 = Debug|Any CPU
		{2403EE04-592D-4EC8-9CA3-10159239914B}.Release|Any CPU.ActiveCfg = Release|Any CPU
		{2403EE04-592D-4EC8-9CA3-10159239914B}.Release|Any CPU.Build.0 = Release|Any CPU
	EndGlobalSection
	GlobalSection(SolutionProperties) = preSolution
		HideSolutionNode = FALSE
	EndGlobalSection
	GlobalSection(ExtensibilityGlobals) = postSolution
		SolutionGuid = {F651D938-0F30-4818-AC7C-F3CA0BDA6710}
	EndGlobalSection
EndGlobal
